
Microsoft Visual Studio Solution File, Format Version 12.00
# Visual Studio Version 16
VisualStudioVersion = 16.0.31424.327
MinimumVisualStudioVersion = 10.0.40219.1
Project("{FAE04EC0-301F-11D3-BF4B-00C04F79EFBC}") = "SecurityDemo", "SecurityDemo\SecurityDemo.csproj", "{3635BCBA-340C-4A06-923A-2F26B49A5A09}"
EndProject
Global
	GlobalSection(SolutionConfigurationPlatforms) = preSolution
		Debug|Any CPU = Debug|Any CPU
		Release|Any CPU = Release|Any CPU
	EndGlobalSection
	GlobalSection(ProjectConfigurationPlatforms) = postSolution
		{3635BCBA-340C-4A06-923A-2F26B49A5A09}.Debug|Any CPU.ActiveCfg = Debug|Any CPU
		{3635BCBA-340C-4A06-923A-2F26B49A5A09}.Debug|Any CPU.Build.0 = Debug|Any CPU
		{3635BCBA-340C-4A06-923A-2F26B49A5A09}.Release|Any CPU.ActiveCfg = Release|Any CPU
		{3635BCBA-340C-4A06-923A-2F26B49A5A09}.Release|Any CPU.Build.0 = Release|Any CPU
	EndGlobalSection
	GlobalSection(SolutionProperties) = preSolution
		HideSolutionNode = FALSE
	EndGlobalSection
	GlobalSection(ExtensibilityGlobals) = postSolution
		SolutionGuid = {92AFF650-D4B0-4FA1-AEB8-E4F7252EB6E9}
	EndGlobalSection
EndGlobal
